{
  "nodes": {
    "nixpkgs": {
      "locked": {
        "lastModified": 1770939562,
        "narHash": "sha256-H6hqCA1yu8fK7MwAQ3kTygRSuHd9iBU1izQ0EbnWRDU=",
        "owner": "NixOS",
        "repo": "nixpkgs",
        "rev": "f240e332610927da7e2b378ee51b2849e3317cc5",
        "type": "github"
      },
      "original": {
        "owner": "NixOS",
        "repo": "nixpkgs",
        "type": "github"
      }
    },
    "root": {
      "inputs": {
        "nixpkgs": "nixpkgs"
      }
    }
  },
  "root": "root",
  "version": 7
}
